// !$*UTF8*$!
{
	archiveVersion = 1;
	classes = {
	};
	objectVersion = 51;
	objects = {

/* Begin PBXBuildFile section */
		4907D154249FB00600B66093 /* DrawingBoard3.swift in Sources */ = {isa = PBXBuildFile; fileRef = 4907D153249FB00600B66093 /* DrawingBoard3.swift */; };
		491ADB7324971B2500B62C5A /* AppDelegate.swift in Sources */ = {isa = PBXBuildFile; fileRef = 491ADB7224971B2500B62C5A /* AppDelegate.swift */; };
		491ADB7524971B2500B62C5A /* SceneDelegate.swift in Sources */ = {isa = PBXBuildFile; fileRef = 491ADB7424971B2500B62C5A /* SceneDelegate.swift */; };
		491ADB7724971B2500B62C5A /* ViewController.swift in Sources */ = {isa = PBXBuildFile; fileRef = 491ADB7624971B2500B62C5A /* ViewController.swift */; };
		491ADB7A24971B2500B62C5A /* Main.storyboard in Resources */ = {isa = PBXBuildFile; fileRef = 491ADB7824971B2500B62C5A /* Main.storyboard */; };
		491ADB7C24971B2D00B62C5A /* Assets.xcassets in Resources */ = {isa = PBXBuildFile; fileRef = 491ADB7B24971B2D00B62C5A /* Assets.xcassets */; };
		491ADB7F24971B2D00B62C5A /* LaunchScreen.storyboard in Resources */ = {isa = PBXBuildFile; fileRef = 491ADB7D24971B2D00B62C5A /* LaunchScreen.storyboard */; };
		491ADB8A24971B2D00B62C5A /* BioTests.swift in Sources */ = {isa = PBXBuildFile; fileRef = 491ADB8924971B2D00B62C5A /* BioTests.swift */; };
		491ADB9524971B2D00B62C5A /* BioUITests.swift in Sources */ = {isa = PBXBuildFile; fileRef = 491ADB9424971B2D00B62C5A /* BioUITests.swift */; };
		491ADBA924971FE400B62C5A /* HomeVC.swift in Sources */ = {isa = PBXBuildFile; fileRef = 491ADBA824971FE400B62C5A /* HomeVC.swift */; };
		491ADBAB2497203B00B62C5A /* SearchVC.swift in Sources */ = {isa = PBXBuildFile; fileRef = 491ADBAA2497203B00B62C5A /* SearchVC.swift */; };
		491ADBAD249720A000B62C5A /* DrawingSettingsVC.swift in Sources */ = {isa = PBXBuildFile; fileRef = 491ADBAC249720A000B62C5A /* DrawingSettingsVC.swift */; };
		491ADBAF2497237000B62C5A /* SettingsVC.swift in Sources */ = {isa = PBXBuildFile; fileRef = 491ADBAE2497237000B62C5A /* SettingsVC.swift */; };
		491ADBB1249723FC00B62C5A /* PublicityTableVC.swift in Sources */ = {isa = PBXBuildFile; fileRef = 491ADBB0249723FC00B62C5A /* PublicityTableVC.swift */; };
		491ADBB32497294000B62C5A /* Navigator.swift in Sources */ = {isa = PBXBuildFile; fileRef = 491ADBB22497294000B62C5A /* Navigator.swift */; };
		491ADBB5249729A400B62C5A /* DiscoverVC.swift in Sources */ = {isa = PBXBuildFile; fileRef = 491ADBB4249729A400B62C5A /* DiscoverVC.swift */; };
		491ADBB82497D51800B62C5A /* libsqlite3.tbd in Frameworks */ = {isa = PBXBuildFile; fileRef = 491ADBB72497D51800B62C5A /* libsqlite3.tbd */; };
		491ADBBC2497D53800B62C5A /* AudioToolbox.framework in Frameworks */ = {isa = PBXBuildFile; fileRef = 491ADBBB2497D53800B62C5A /* AudioToolbox.framework */; };
		491ADBBE2497D56500B62C5A /* CFNetwork.framework in Frameworks */ = {isa = PBXBuildFile; fileRef = 491ADBBD2497D56500B62C5A /* CFNetwork.framework */; };
		491ADBC02497D56B00B62C5A /* CoreGraphics.framework in Frameworks */ = {isa = PBXBuildFile; fileRef = 491ADBBF2497D56B00B62C5A /* CoreGraphics.framework */; };
		491ADBC22497D57000B62C5A /* CoreLocation.framework in Frameworks */ = {isa = PBXBuildFile; fileRef = 491ADBC12497D57000B62C5A /* CoreLocation.framework */; };
		491ADBC42497D57500B62C5A /* QuartzCore.framework in Frameworks */ = {isa = PBXBuildFile; fileRef = 491ADBC32497D57500B62C5A /* QuartzCore.framework */; };
		491ADBC62497D57C00B62C5A /* Security.framework in Frameworks */ = {isa = PBXBuildFile; fileRef = 491ADBC52497D57C00B62C5A /* Security.framework */; };
		491ADBCA2497D58800B62C5A /* SystemConfiguration.framework in Frameworks */ = {isa = PBXBuildFile; fileRef = 491ADBC92497D58800B62C5A /* SystemConfiguration.framework */; };
		491ADBD02497D69200B62C5A /* libz.tbd in Frameworks */ = {isa = PBXBuildFile; fileRef = 491ADBCF2497D69200B62C5A /* libz.tbd */; };
		491BC46324C7882F00C751B6 /* BioProfileHexagonGrid2.swift in Sources */ = {isa = PBXBuildFile; fileRef = 491BC46224C7882F00C751B6 /* BioProfileHexagonGrid2.swift */; };
		4920A45624D30F4400F06551 /* HomeHexagonGrid.swift in Sources */ = {isa = PBXBuildFile; fileRef = 4920A45524D30F4400F06551 /* HomeHexagonGrid.swift */; };
		4920A45824D32B9300F06551 /* uploadFromCameraRollVC.swift in Sources */ = {isa = PBXBuildFile; fileRef = 4920A45724D32B9300F06551 /* uploadFromCameraRollVC.swift */; };
		492E245A24B65D4B005745D1 /* CalltoUserBackend.swift in Sources */ = {isa = PBXBuildFile; fileRef = 492E245924B65D4B005745D1 /* CalltoUserBackend.swift */; };
		492E245E24B664C2005745D1 /* SubscribersCell.swift in Sources */ = {isa = PBXBuildFile; fileRef = 492E245D24B664C2005745D1 /* SubscribersCell.swift */; };
		492E246024B664D7005745D1 /* SearchUsersVC.swift in Sources */ = {isa = PBXBuildFile; fileRef = 492E245F24B664D7005745D1 /* SearchUsersVC.swift */; };
		493B739C24B7754E004754BC /* ProfilesHexagonGrid1.swift in Sources */ = {isa = PBXBuildFile; fileRef = 493B739B24B7754E004754BC /* ProfilesHexagonGrid1.swift */; };
		4944D79424A9C8F000AD3955 /* RatingViewController.xib in Resources */ = {isa = PBXBuildFile; fileRef = 4944D79324A9C8EF00AD3955 /* RatingViewController.xib */; };
		4944D79624A9C90200AD3955 /* RatingViewController.swift in Sources */ = {isa = PBXBuildFile; fileRef = 4944D79524A9C90200AD3955 /* RatingViewController.swift */; };
		4944D79A24ABBEF900AD3955 /* GoodBioSignUpVC.swift in Sources */ = {isa = PBXBuildFile; fileRef = 4944D79924ABBEF900AD3955 /* GoodBioSignUpVC.swift */; };
		4944D79C24ABD2E700AD3955 /* AddSocialMediaVC.swift in Sources */ = {isa = PBXBuildFile; fileRef = 4944D79B24ABD2E700AD3955 /* AddSocialMediaVC.swift */; };
		4944D79E24ABE2FB00AD3955 /* PersonalInformationVCViewController.swift in Sources */ = {isa = PBXBuildFile; fileRef = 4944D79D24ABE2FA00AD3955 /* PersonalInformationVCViewController.swift */; };
		4944D7A024AD6A1B00AD3955 /* UserData.swift in Sources */ = {isa = PBXBuildFile; fileRef = 4944D79F24AD6A1B00AD3955 /* UserData.swift */; };
		4959E04924A3053200264DB7 /* SpotifyiOS.framework in Frameworks */ = {isa = PBXBuildFile; fileRef = 4959E04824A3052F00264DB7 /* SpotifyiOS.framework */; };
		4959E04B24A3105300264DB7 /* VideoViewController.swift in Sources */ = {isa = PBXBuildFile; fileRef = 4959E04A24A3105200264DB7 /* VideoViewController.swift */; };
		4959E04D24A3111E00264DB7 /* YoutubeTableViewController.swift in Sources */ = {isa = PBXBuildFile; fileRef = 4959E04C24A3111E00264DB7 /* YoutubeTableViewController.swift */; };
		4959E04F24A3116400264DB7 /* YoutubeTableViewCell.swift in Sources */ = {isa = PBXBuildFile; fileRef = 4959E04E24A3116400264DB7 /* YoutubeTableViewCell.swift */; };
		496122A124A43EB80057579F /* UserProfile.swift in Sources */ = {isa = PBXBuildFile; fileRef = 496122A024A43EB70057579F /* UserProfile.swift */; };
		49755DC124B8FE83000E75FC /* AlgorithmHexagonGrid.swift in Sources */ = {isa = PBXBuildFile; fileRef = 49755DC024B8FE83000E75FC /* AlgorithmHexagonGrid.swift */; };
		49755DC324BC1B0F000E75FC /* DraggableHexagonGrid.swift in Sources */ = {isa = PBXBuildFile; fileRef = 49755DC224BC1B0F000E75FC /* DraggableHexagonGrid.swift */; };
		4979D67E24D89B68008A17A8 /* NewPostOptionsVC.swift in Sources */ = {isa = PBXBuildFile; fileRef = 4979D67D24D89B68008A17A8 /* NewPostOptionsVC.swift */; };
		497ACC4D24A90496002333A6 /* HexagonStructData.swift in Sources */ = {isa = PBXBuildFile; fileRef = 497ACC4C24A90496002333A6 /* HexagonStructData.swift */; };
		497ACC4F24A90905002333A6 /* ProfileTypeHexagon.swift in Sources */ = {isa = PBXBuildFile; fileRef = 497ACC4E24A90905002333A6 /* ProfileTypeHexagon.swift */; };
		497ACC5124A90C0F002333A6 /* HexagonClass.swift in Sources */ = {isa = PBXBuildFile; fileRef = 497ACC5024A90C0F002333A6 /* HexagonClass.swift */; };
		497ACC5324A91738002333A6 /* Hexagons.swift in Sources */ = {isa = PBXBuildFile; fileRef = 497ACC5224A91738002333A6 /* Hexagons.swift */; };
		497ACC5B24A935D3002333A6 /* SignUpPopUpView.swift in Sources */ = {isa = PBXBuildFile; fileRef = 497ACC5A24A935D3002333A6 /* SignUpPopUpView.swift */; };
		497ACC5D24A93651002333A6 /* DummyVCForPopUp.swift in Sources */ = {isa = PBXBuildFile; fileRef = 497ACC5C24A93651002333A6 /* DummyVCForPopUp.swift */; };
		499408E524C0E70200912576 /* GoogleService-Info.plist in Resources */ = {isa = PBXBuildFile; fileRef = 499408E424C0E70200912576 /* GoogleService-Info.plist */; };
		4996227C24C754190017AEB4 /* BioSearchVC.swift in Sources */ = {isa = PBXBuildFile; fileRef = 4996227B24C754190017AEB4 /* BioSearchVC.swift */; };
		4996227E24C761E70017AEB4 /* BioTableViewCell.swift in Sources */ = {isa = PBXBuildFile; fileRef = 4996227D24C761E70017AEB4 /* BioTableViewCell.swift */; };
		49A3743C24A3CD38007A48E0 /* HexagonView.swift in Sources */ = {isa = PBXBuildFile; fileRef = 49A3743B24A3CD38007A48E0 /* HexagonView.swift */; };
		49A3743E24A3E4D4007A48E0 /* HexagonGrid2.swift in Sources */ = {isa = PBXBuildFile; fileRef = 49A3743D24A3E4D4007A48E0 /* HexagonGrid2.swift */; };
		49B3FA9724A3F2E2004578CA /* HexagonGrid3.swift in Sources */ = {isa = PBXBuildFile; fileRef = 49B3FA9624A3F2E2004578CA /* HexagonGrid3.swift */; };
		49B3FA9924A4059B004578CA /* HexagonGrid4.swift in Sources */ = {isa = PBXBuildFile; fileRef = 49B3FA9824A4059B004578CA /* HexagonGrid4.swift */; };
		49C2059F2497DB4D0022EE53 /* DrawingBoardVC.swift in Sources */ = {isa = PBXBuildFile; fileRef = 49C2059E2497DB4D0022EE53 /* DrawingBoardVC.swift */; };
		49C205A12497DBC80022EE53 /* Pencil.swift in Sources */ = {isa = PBXBuildFile; fileRef = 49C205A02497DBC80022EE53 /* Pencil.swift */; };
		49C205A32497DCBC0022EE53 /* followersCell.swift in Sources */ = {isa = PBXBuildFile; fileRef = 49C205A22497DCBC0022EE53 /* followersCell.swift */; };
		49C205A52497DCFA0022EE53 /* guestVC.swift in Sources */ = {isa = PBXBuildFile; fileRef = 49C205A42497DCFA0022EE53 /* guestVC.swift */; };
		49C205B02497DD570022EE53 /* Sign in sign up in Resources */ = {isa = PBXBuildFile; fileRef = 49C205A72497DD550022EE53 /* Sign in sign up */; };
		49C205B12497DD570022EE53 /* Search in Resources */ = {isa = PBXBuildFile; fileRef = 49C205A82497DD550022EE53 /* Search */; };
		49C205B42497DD570022EE53 /* User Profile Items in Resources */ = {isa = PBXBuildFile; fileRef = 49C205AB2497DD560022EE53 /* User Profile Items */; };
		49C205B62497DD570022EE53 /* Navigation Items in Resources */ = {isa = PBXBuildFile; fileRef = 49C205AD2497DD560022EE53 /* Navigation Items */; };
		49C205B72497DD570022EE53 /* Create A Post Items in Resources */ = {isa = PBXBuildFile; fileRef = 49C205AE2497DD560022EE53 /* Create A Post Items */; };
		49C205BB2497DDBD0022EE53 /* pictureCell.swift in Sources */ = {isa = PBXBuildFile; fileRef = 49C205BA2497DDBC0022EE53 /* pictureCell.swift */; };
		49C205BD2497DDCE0022EE53 /* followersVC.swift in Sources */ = {isa = PBXBuildFile; fileRef = 49C205BC2497DDCE0022EE53 /* followersVC.swift */; };
		49C205CB2497DE260022EE53 /* newsCell.swift in Sources */ = {isa = PBXBuildFile; fileRef = 49C205CA2497DE260022EE53 /* newsCell.swift */; };
		49C205CD2497EE570022EE53 /* tabbarVC.swift in Sources */ = {isa = PBXBuildFile; fileRef = 49C205CC2497EE560022EE53 /* tabbarVC.swift */; };
		49C205CF249804790022EE53 /* PrivacyCell.swift in Sources */ = {isa = PBXBuildFile; fileRef = 49C205CE249804790022EE53 /* PrivacyCell.swift */; };
		49C205D524981AC80022EE53 /* segue1.swift in Sources */ = {isa = PBXBuildFile; fileRef = 49C205D424981AC80022EE53 /* segue1.swift */; };
		49C205D7249833E80022EE53 /* CreativeToolBar.swift in Sources */ = {isa = PBXBuildFile; fileRef = 49C205D6249833E80022EE53 /* CreativeToolBar.swift */; };
		49C205D92499A0770022EE53 /* DrawingBoardVC2.swift in Sources */ = {isa = PBXBuildFile; fileRef = 49C205D82499A0770022EE53 /* DrawingBoardVC2.swift */; };
		49C205DB2499AF730022EE53 /* MusicPlayerVC.swift in Sources */ = {isa = PBXBuildFile; fileRef = 49C205DA2499AF730022EE53 /* MusicPlayerVC.swift */; };
		49EEDC6E24C0AA1D003C8378 /* PhoneSignInVC.swift in Sources */ = {isa = PBXBuildFile; fileRef = 49EEDC6D24C0AA1D003C8378 /* PhoneSignInVC.swift */; };
		F8E01B31E01681020139180B /* Pods_Bio.framework in Frameworks */ = {isa = PBXBuildFile; fileRef = 863D25901B2498D1508F481F /* Pods_Bio.framework */; };
/* End PBXBuildFile section */

/* Begin PBXContainerItemProxy section */
		491ADB8624971B2D00B62C5A /* PBXContainerItemProxy */ = {
			isa = PBXContainerItemProxy;
			containerPortal = 491ADB6724971B2500B62C5A /* Project object */;
			proxyType = 1;
			remoteGlobalIDString = 491ADB6E24971B2500B62C5A;
			remoteInfo = Bio;
		};
		491ADB9124971B2D00B62C5A /* PBXContainerItemProxy */ = {
			isa = PBXContainerItemProxy;
			containerPortal = 491ADB6724971B2500B62C5A /* Project object */;
			proxyType = 1;
			remoteGlobalIDString = 491ADB6E24971B2500B62C5A;
			remoteInfo = Bio;
		};
/* End PBXContainerItemProxy section */

/* Begin PBXCopyFilesBuildPhase section */
		497ACC6424A961EC002333A6 /* Embed Frameworks */ = {
			isa = PBXCopyFilesBuildPhase;
			buildActionMask = 2147483647;
			dstPath = "";
			dstSubfolderSpec = 10;
			files = (
			);
			name = "Embed Frameworks";
			runOnlyForDeploymentPostprocessing = 0;
		};
/* End PBXCopyFilesBuildPhase section */

/* Begin PBXFileReference section */
		1407FC84B7D3C1C7BF080385 /* Pods-Bio.debug.xcconfig */ = {isa = PBXFileReference; includeInIndex = 1; lastKnownFileType = text.xcconfig; name = "Pods-Bio.debug.xcconfig"; path = "Target Support Files/Pods-Bio/Pods-Bio.debug.xcconfig"; sourceTree = "<group>"; };
		4907D153249FB00600B66093 /* DrawingBoard3.swift */ = {isa = PBXFileReference; lastKnownFileType = sourcecode.swift; path = DrawingBoard3.swift; sourceTree = "<group>"; };
		491ADB6F24971B2500B62C5A /* Bio.app */ = {isa = PBXFileReference; explicitFileType = wrapper.application; includeInIndex = 0; path = Bio.app; sourceTree = BUILT_PRODUCTS_DIR; };
		491ADB7224971B2500B62C5A /* AppDelegate.swift */ = {isa = PBXFileReference; lastKnownFileType = sourcecode.swift; path = AppDelegate.swift; sourceTree = "<group>"; };
		491ADB7424971B2500B62C5A /* SceneDelegate.swift */ = {isa = PBXFileReference; lastKnownFileType = sourcecode.swift; path = SceneDelegate.swift; sourceTree = "<group>"; };
		491ADB7624971B2500B62C5A /* ViewController.swift */ = {isa = PBXFileReference; lastKnownFileType = sourcecode.swift; path = ViewController.swift; sourceTree = "<group>"; };
		491ADB7924971B2500B62C5A /* Base */ = {isa = PBXFileReference; lastKnownFileType = file.storyboard; name = Base; path = Base.lproj/Main.storyboard; sourceTree = "<group>"; };
		491ADB7B24971B2D00B62C5A /* Assets.xcassets */ = {isa = PBXFileReference; lastKnownFileType = folder.assetcatalog; path = Assets.xcassets; sourceTree = "<group>"; };
		491ADB7E24971B2D00B62C5A /* Base */ = {isa = PBXFileReference; lastKnownFileType = file.storyboard; name = Base; path = Base.lproj/LaunchScreen.storyboard; sourceTree = "<group>"; };
		491ADB8024971B2D00B62C5A /* Info.plist */ = {isa = PBXFileReference; lastKnownFileType = text.plist.xml; path = Info.plist; sourceTree = "<group>"; };
		491ADB8524971B2D00B62C5A /* BioTests.xctest */ = {isa = PBXFileReference; explicitFileType = wrapper.cfbundle; includeInIndex = 0; path = BioTests.xctest; sourceTree = BUILT_PRODUCTS_DIR; };
		491ADB8924971B2D00B62C5A /* BioTests.swift */ = {isa = PBXFileReference; lastKnownFileType = sourcecode.swift; path = BioTests.swift; sourceTree = "<group>"; };
		491ADB8B24971B2D00B62C5A /* Info.plist */ = {isa = PBXFileReference; lastKnownFileType = text.plist.xml; path = Info.plist; sourceTree = "<group>"; };
		491ADB9024971B2D00B62C5A /* BioUITests.xctest */ = {isa = PBXFileReference; explicitFileType = wrapper.cfbundle; includeInIndex = 0; path = BioUITests.xctest; sourceTree = BUILT_PRODUCTS_DIR; };
		491ADB9424971B2D00B62C5A /* BioUITests.swift */ = {isa = PBXFileReference; lastKnownFileType = sourcecode.swift; path = BioUITests.swift; sourceTree = "<group>"; };
		491ADB9624971B2D00B62C5A /* Info.plist */ = {isa = PBXFileReference; lastKnownFileType = text.plist.xml; path = Info.plist; sourceTree = "<group>"; };
		491ADBA824971FE400B62C5A /* HomeVC.swift */ = {isa = PBXFileReference; lastKnownFileType = sourcecode.swift; path = HomeVC.swift; sourceTree = "<group>"; };
		491ADBAA2497203B00B62C5A /* SearchVC.swift */ = {isa = PBXFileReference; lastKnownFileType = sourcecode.swift; path = SearchVC.swift; sourceTree = "<group>"; };
		491ADBAC249720A000B62C5A /* DrawingSettingsVC.swift */ = {isa = PBXFileReference; lastKnownFileType = sourcecode.swift; path = DrawingSettingsVC.swift; sourceTree = "<group>"; };
		491ADBAE2497237000B62C5A /* SettingsVC.swift */ = {isa = PBXFileReference; lastKnownFileType = sourcecode.swift; path = SettingsVC.swift; sourceTree = "<group>"; };
		491ADBB0249723FC00B62C5A /* PublicityTableVC.swift */ = {isa = PBXFileReference; lastKnownFileType = sourcecode.swift; path = PublicityTableVC.swift; sourceTree = "<group>"; };
		491ADBB22497294000B62C5A /* Navigator.swift */ = {isa = PBXFileReference; lastKnownFileType = sourcecode.swift; path = Navigator.swift; sourceTree = "<group>"; };
		491ADBB4249729A400B62C5A /* DiscoverVC.swift */ = {isa = PBXFileReference; lastKnownFileType = sourcecode.swift; path = DiscoverVC.swift; sourceTree = "<group>"; };
		491ADBB72497D51800B62C5A /* libsqlite3.tbd */ = {isa = PBXFileReference; lastKnownFileType = "sourcecode.text-based-dylib-definition"; name = libsqlite3.tbd; path = usr/lib/libsqlite3.tbd; sourceTree = SDKROOT; };
		491ADBB92497D52A00B62C5A /* libz.tbd */ = {isa = PBXFileReference; lastKnownFileType = "sourcecode.text-based-dylib-definition"; name = libz.tbd; path = usr/lib/libz.tbd; sourceTree = SDKROOT; };
		491ADBBB2497D53800B62C5A /* AudioToolbox.framework */ = {isa = PBXFileReference; lastKnownFileType = wrapper.framework; name = AudioToolbox.framework; path = System/Library/Frameworks/AudioToolbox.framework; sourceTree = SDKROOT; };
		491ADBBD2497D56500B62C5A /* CFNetwork.framework */ = {isa = PBXFileReference; lastKnownFileType = wrapper.framework; name = CFNetwork.framework; path = System/Library/Frameworks/CFNetwork.framework; sourceTree = SDKROOT; };
		491ADBBF2497D56B00B62C5A /* CoreGraphics.framework */ = {isa = PBXFileReference; lastKnownFileType = wrapper.framework; name = CoreGraphics.framework; path = System/Library/Frameworks/CoreGraphics.framework; sourceTree = SDKROOT; };
		491ADBC12497D57000B62C5A /* CoreLocation.framework */ = {isa = PBXFileReference; lastKnownFileType = wrapper.framework; name = CoreLocation.framework; path = System/Library/Frameworks/CoreLocation.framework; sourceTree = SDKROOT; };
		491ADBC32497D57500B62C5A /* QuartzCore.framework */ = {isa = PBXFileReference; lastKnownFileType = wrapper.framework; name = QuartzCore.framework; path = System/Library/Frameworks/QuartzCore.framework; sourceTree = SDKROOT; };
		491ADBC52497D57C00B62C5A /* Security.framework */ = {isa = PBXFileReference; lastKnownFileType = wrapper.framework; name = Security.framework; path = System/Library/Frameworks/Security.framework; sourceTree = SDKROOT; };
		491ADBC92497D58800B62C5A /* SystemConfiguration.framework */ = {isa = PBXFileReference; lastKnownFileType = wrapper.framework; name = SystemConfiguration.framework; path = System/Library/Frameworks/SystemConfiguration.framework; sourceTree = SDKROOT; };
		491ADBCF2497D69200B62C5A /* libz.tbd */ = {isa = PBXFileReference; lastKnownFileType = "sourcecode.text-based-dylib-definition"; name = libz.tbd; path = usr/lib/libz.tbd; sourceTree = SDKROOT; };
		491BC46224C7882F00C751B6 /* BioProfileHexagonGrid2.swift */ = {isa = PBXFileReference; lastKnownFileType = sourcecode.swift; path = BioProfileHexagonGrid2.swift; sourceTree = "<group>"; };
		4920A45524D30F4400F06551 /* HomeHexagonGrid.swift */ = {isa = PBXFileReference; lastKnownFileType = sourcecode.swift; path = HomeHexagonGrid.swift; sourceTree = "<group>"; };
		4920A45724D32B9300F06551 /* uploadFromCameraRollVC.swift */ = {isa = PBXFileReference; lastKnownFileType = sourcecode.swift; path = uploadFromCameraRollVC.swift; sourceTree = "<group>"; };
		492E245924B65D4B005745D1 /* CalltoUserBackend.swift */ = {isa = PBXFileReference; lastKnownFileType = sourcecode.swift; path = CalltoUserBackend.swift; sourceTree = "<group>"; };
		492E245D24B664C2005745D1 /* SubscribersCell.swift */ = {isa = PBXFileReference; lastKnownFileType = sourcecode.swift; path = SubscribersCell.swift; sourceTree = "<group>"; };
		492E245F24B664D7005745D1 /* SearchUsersVC.swift */ = {isa = PBXFileReference; lastKnownFileType = sourcecode.swift; name = SearchUsersVC.swift; path = /Users/annmcdonough/Documents/Bio/Bio/SearchUsersVC.swift; sourceTree = "<absolute>"; };
		493B739B24B7754E004754BC /* ProfilesHexagonGrid1.swift */ = {isa = PBXFileReference; lastKnownFileType = sourcecode.swift; path = ProfilesHexagonGrid1.swift; sourceTree = "<group>"; };
		4944D79324A9C8EF00AD3955 /* RatingViewController.xib */ = {isa = PBXFileReference; fileEncoding = 4; lastKnownFileType = file.xib; path = RatingViewController.xib; sourceTree = "<group>"; };
		4944D79524A9C90200AD3955 /* RatingViewController.swift */ = {isa = PBXFileReference; fileEncoding = 4; lastKnownFileType = sourcecode.swift; path = RatingViewController.swift; sourceTree = "<group>"; };
		4944D79924ABBEF900AD3955 /* GoodBioSignUpVC.swift */ = {isa = PBXFileReference; lastKnownFileType = sourcecode.swift; path = GoodBioSignUpVC.swift; sourceTree = "<group>"; };
		4944D79B24ABD2E700AD3955 /* AddSocialMediaVC.swift */ = {isa = PBXFileReference; lastKnownFileType = sourcecode.swift; path = AddSocialMediaVC.swift; sourceTree = "<group>"; };
		4944D79D24ABE2FA00AD3955 /* PersonalInformationVCViewController.swift */ = {isa = PBXFileReference; lastKnownFileType = sourcecode.swift; path = PersonalInformationVCViewController.swift; sourceTree = "<group>"; };
		4944D79F24AD6A1B00AD3955 /* UserData.swift */ = {isa = PBXFileReference; lastKnownFileType = sourcecode.swift; path = UserData.swift; sourceTree = "<group>"; };
		4959E04824A3052F00264DB7 /* SpotifyiOS.framework */ = {isa = PBXFileReference; lastKnownFileType = wrapper.framework; path = SpotifyiOS.framework; sourceTree = "<group>"; };
		4959E04A24A3105200264DB7 /* VideoViewController.swift */ = {isa = PBXFileReference; lastKnownFileType = sourcecode.swift; path = VideoViewController.swift; sourceTree = "<group>"; };
		4959E04C24A3111E00264DB7 /* YoutubeTableViewController.swift */ = {isa = PBXFileReference; lastKnownFileType = sourcecode.swift; path = YoutubeTableViewController.swift; sourceTree = "<group>"; };
		4959E04E24A3116400264DB7 /* YoutubeTableViewCell.swift */ = {isa = PBXFileReference; lastKnownFileType = sourcecode.swift; path = YoutubeTableViewCell.swift; sourceTree = "<group>"; };
		496122A024A43EB70057579F /* UserProfile.swift */ = {isa = PBXFileReference; lastKnownFileType = sourcecode.swift; path = UserProfile.swift; sourceTree = "<group>"; };
		49755DC024B8FE83000E75FC /* AlgorithmHexagonGrid.swift */ = {isa = PBXFileReference; lastKnownFileType = sourcecode.swift; path = AlgorithmHexagonGrid.swift; sourceTree = "<group>"; };
		49755DC224BC1B0F000E75FC /* DraggableHexagonGrid.swift */ = {isa = PBXFileReference; lastKnownFileType = sourcecode.swift; path = DraggableHexagonGrid.swift; sourceTree = "<group>"; };
		4979D67D24D89B68008A17A8 /* NewPostOptionsVC.swift */ = {isa = PBXFileReference; lastKnownFileType = sourcecode.swift; path = NewPostOptionsVC.swift; sourceTree = "<group>"; };
		497ACC4C24A90496002333A6 /* HexagonStructData.swift */ = {isa = PBXFileReference; lastKnownFileType = sourcecode.swift; path = HexagonStructData.swift; sourceTree = "<group>"; };
		497ACC4E24A90905002333A6 /* ProfileTypeHexagon.swift */ = {isa = PBXFileReference; lastKnownFileType = sourcecode.swift; path = ProfileTypeHexagon.swift; sourceTree = "<group>"; };
		497ACC5024A90C0F002333A6 /* HexagonClass.swift */ = {isa = PBXFileReference; lastKnownFileType = sourcecode.swift; path = HexagonClass.swift; sourceTree = "<group>"; };
		497ACC5224A91738002333A6 /* Hexagons.swift */ = {isa = PBXFileReference; lastKnownFileType = sourcecode.swift; path = Hexagons.swift; sourceTree = "<group>"; };
		497ACC5A24A935D3002333A6 /* SignUpPopUpView.swift */ = {isa = PBXFileReference; lastKnownFileType = sourcecode.swift; path = SignUpPopUpView.swift; sourceTree = "<group>"; };
		497ACC5C24A93651002333A6 /* DummyVCForPopUp.swift */ = {isa = PBXFileReference; lastKnownFileType = sourcecode.swift; path = DummyVCForPopUp.swift; sourceTree = "<group>"; };
		499408E424C0E70200912576 /* GoogleService-Info.plist */ = {isa = PBXFileReference; fileEncoding = 4; lastKnownFileType = text.plist.xml; path = "GoogleService-Info.plist"; sourceTree = "<group>"; };
		4996227B24C754190017AEB4 /* BioSearchVC.swift */ = {isa = PBXFileReference; lastKnownFileType = sourcecode.swift; path = BioSearchVC.swift; sourceTree = "<group>"; };
		4996227D24C761E70017AEB4 /* BioTableViewCell.swift */ = {isa = PBXFileReference; lastKnownFileType = sourcecode.swift; path = BioTableViewCell.swift; sourceTree = "<group>"; };
		49A3743B24A3CD38007A48E0 /* HexagonView.swift */ = {isa = PBXFileReference; lastKnownFileType = sourcecode.swift; path = HexagonView.swift; sourceTree = "<group>"; };
		49A3743D24A3E4D4007A48E0 /* HexagonGrid2.swift */ = {isa = PBXFileReference; lastKnownFileType = sourcecode.swift; path = HexagonGrid2.swift; sourceTree = "<group>"; };
		49B3FA9624A3F2E2004578CA /* HexagonGrid3.swift */ = {isa = PBXFileReference; lastKnownFileType = sourcecode.swift; path = HexagonGrid3.swift; sourceTree = "<group>"; };
		49B3FA9824A4059B004578CA /* HexagonGrid4.swift */ = {isa = PBXFileReference; lastKnownFileType = sourcecode.swift; path = HexagonGrid4.swift; sourceTree = "<group>"; };
		49C2059E2497DB4D0022EE53 /* DrawingBoardVC.swift */ = {isa = PBXFileReference; lastKnownFileType = sourcecode.swift; path = DrawingBoardVC.swift; sourceTree = "<group>"; };
		49C205A02497DBC80022EE53 /* Pencil.swift */ = {isa = PBXFileReference; fileEncoding = 4; lastKnownFileType = sourcecode.swift; path = Pencil.swift; sourceTree = "<group>"; };
		49C205A22497DCBC0022EE53 /* followersCell.swift */ = {isa = PBXFileReference; fileEncoding = 4; lastKnownFileType = sourcecode.swift; path = followersCell.swift; sourceTree = "<group>"; };
		49C205A42497DCFA0022EE53 /* guestVC.swift */ = {isa = PBXFileReference; fileEncoding = 4; lastKnownFileType = sourcecode.swift; path = guestVC.swift; sourceTree = "<group>"; };
		49C205A72497DD550022EE53 /* Sign in sign up */ = {isa = PBXFileReference; lastKnownFileType = folder; path = "Sign in sign up"; sourceTree = "<group>"; };
		49C205A82497DD550022EE53 /* Search */ = {isa = PBXFileReference; lastKnownFileType = folder; path = Search; sourceTree = "<group>"; };
		49C205AB2497DD560022EE53 /* User Profile Items */ = {isa = PBXFileReference; lastKnownFileType = folder; path = "User Profile Items"; sourceTree = "<group>"; };
		49C205AD2497DD560022EE53 /* Navigation Items */ = {isa = PBXFileReference; lastKnownFileType = folder; path = "Navigation Items"; sourceTree = "<group>"; };
		49C205AE2497DD560022EE53 /* Create A Post Items */ = {isa = PBXFileReference; lastKnownFileType = folder; path = "Create A Post Items"; sourceTree = "<group>"; };
		49C205BA2497DDBC0022EE53 /* pictureCell.swift */ = {isa = PBXFileReference; lastKnownFileType = sourcecode.swift; path = pictureCell.swift; sourceTree = "<group>"; };
		49C205BC2497DDCE0022EE53 /* followersVC.swift */ = {isa = PBXFileReference; lastKnownFileType = sourcecode.swift; path = followersVC.swift; sourceTree = "<group>"; };
		49C205CA2497DE260022EE53 /* newsCell.swift */ = {isa = PBXFileReference; lastKnownFileType = sourcecode.swift; path = newsCell.swift; sourceTree = "<group>"; };
		49C205CC2497EE560022EE53 /* tabbarVC.swift */ = {isa = PBXFileReference; lastKnownFileType = sourcecode.swift; path = tabbarVC.swift; sourceTree = "<group>"; };
		49C205CE249804790022EE53 /* PrivacyCell.swift */ = {isa = PBXFileReference; lastKnownFileType = sourcecode.swift; path = PrivacyCell.swift; sourceTree = "<group>"; };
		49C205D424981AC80022EE53 /* segue1.swift */ = {isa = PBXFileReference; lastKnownFileType = sourcecode.swift; path = segue1.swift; sourceTree = "<group>"; };
		49C205D6249833E80022EE53 /* CreativeToolBar.swift */ = {isa = PBXFileReference; lastKnownFileType = sourcecode.swift; path = CreativeToolBar.swift; sourceTree = "<group>"; };
		49C205D82499A0770022EE53 /* DrawingBoardVC2.swift */ = {isa = PBXFileReference; lastKnownFileType = sourcecode.swift; path = DrawingBoardVC2.swift; sourceTree = "<group>"; };
		49C205DA2499AF730022EE53 /* MusicPlayerVC.swift */ = {isa = PBXFileReference; lastKnownFileType = sourcecode.swift; path = MusicPlayerVC.swift; sourceTree = "<group>"; };
		49EEDC6D24C0AA1D003C8378 /* PhoneSignInVC.swift */ = {isa = PBXFileReference; lastKnownFileType = sourcecode.swift; path = PhoneSignInVC.swift; sourceTree = "<group>"; };
		6A3D10DE50F0AEB6F29494BF /* Pods-Bio.release.xcconfig */ = {isa = PBXFileReference; includeInIndex = 1; lastKnownFileType = text.xcconfig; name = "Pods-Bio.release.xcconfig"; path = "Target Support Files/Pods-Bio/Pods-Bio.release.xcconfig"; sourceTree = "<group>"; };
		863D25901B2498D1508F481F /* Pods_Bio.framework */ = {isa = PBXFileReference; explicitFileType = wrapper.framework; includeInIndex = 0; path = Pods_Bio.framework; sourceTree = BUILT_PRODUCTS_DIR; };
/* End PBXFileReference section */

/* Begin PBXFrameworksBuildPhase section */
		491ADB6C24971B2500B62C5A /* Frameworks */ = {
			isa = PBXFrameworksBuildPhase;
			buildActionMask = 2147483647;
			files = (
				4959E04924A3053200264DB7 /* SpotifyiOS.framework in Frameworks */,
				491ADBCA2497D58800B62C5A /* SystemConfiguration.framework in Frameworks */,
				491ADBC62497D57C00B62C5A /* Security.framework in Frameworks */,
				491ADBC42497D57500B62C5A /* QuartzCore.framework in Frameworks */,
				491ADBD02497D69200B62C5A /* libz.tbd in Frameworks */,
				491ADBC22497D57000B62C5A /* CoreLocation.framework in Frameworks */,
				491ADBC02497D56B00B62C5A /* CoreGraphics.framework in Frameworks */,
				491ADBBE2497D56500B62C5A /* CFNetwork.framework in Frameworks */,
				491ADBBC2497D53800B62C5A /* AudioToolbox.framework in Frameworks */,
				491ADBB82497D51800B62C5A /* libsqlite3.tbd in Frameworks */,
				F8E01B31E01681020139180B /* Pods_Bio.framework in Frameworks */,
			);
			runOnlyForDeploymentPostprocessing = 0;
		};
		491ADB8224971B2D00B62C5A /* Frameworks */ = {
			isa = PBXFrameworksBuildPhase;
			buildActionMask = 2147483647;
			files = (
			);
			runOnlyForDeploymentPostprocessing = 0;
		};
		491ADB8D24971B2D00B62C5A /* Frameworks */ = {
			isa = PBXFrameworksBuildPhase;
			buildActionMask = 2147483647;
			files = (
			);
			runOnlyForDeploymentPostprocessing = 0;
		};
/* End PBXFrameworksBuildPhase section */

/* Begin PBXGroup section */
		297B30509CCFB5AD77C14C95 /* Pods */ = {
			isa = PBXGroup;
			children = (
				1407FC84B7D3C1C7BF080385 /* Pods-Bio.debug.xcconfig */,
				6A3D10DE50F0AEB6F29494BF /* Pods-Bio.release.xcconfig */,
			);
			path = Pods;
			sourceTree = "<group>";
		};
		491ADB6624971B2500B62C5A = {
			isa = PBXGroup;
			children = (
				491ADB7124971B2500B62C5A /* Bio */,
				491ADB8824971B2D00B62C5A /* BioTests */,
				491ADB9324971B2D00B62C5A /* BioUITests */,
				491ADB7024971B2500B62C5A /* Products */,
				491ADBB62497D51700B62C5A /* Frameworks */,
				297B30509CCFB5AD77C14C95 /* Pods */,
			);
			sourceTree = "<group>";
		};
		491ADB7024971B2500B62C5A /* Products */ = {
			isa = PBXGroup;
			children = (
				491ADB6F24971B2500B62C5A /* Bio.app */,
				491ADB8524971B2D00B62C5A /* BioTests.xctest */,
				491ADB9024971B2D00B62C5A /* BioUITests.xctest */,
			);
			name = Products;
			sourceTree = "<group>";
		};
		491ADB7124971B2500B62C5A /* Bio */ = {
			isa = PBXGroup;
			children = (
				491ADB7224971B2500B62C5A /* AppDelegate.swift */,
				49C205AE2497DD560022EE53 /* Create A Post Items */,
				49C205AD2497DD560022EE53 /* Navigation Items */,
				49C205A82497DD550022EE53 /* Search */,
				49C205A72497DD550022EE53 /* Sign in sign up */,
				49C205AB2497DD560022EE53 /* User Profile Items */,
				491ADBCF2497D69200B62C5A /* libz.tbd */,
				49EEDC6D24C0AA1D003C8378 /* PhoneSignInVC.swift */,
				49C205BA2497DDBC0022EE53 /* pictureCell.swift */,
				49C205DA2499AF730022EE53 /* MusicPlayerVC.swift */,
				49C205A42497DCFA0022EE53 /* guestVC.swift */,
				492E245924B65D4B005745D1 /* CalltoUserBackend.swift */,
				49C205CC2497EE560022EE53 /* tabbarVC.swift */,
				4944D79924ABBEF900AD3955 /* GoodBioSignUpVC.swift */,
				49C205CA2497DE260022EE53 /* newsCell.swift */,
				49C205BC2497DDCE0022EE53 /* followersVC.swift */,
				493B739B24B7754E004754BC /* ProfilesHexagonGrid1.swift */,
				491BC46224C7882F00C751B6 /* BioProfileHexagonGrid2.swift */,
				497ACC4C24A90496002333A6 /* HexagonStructData.swift */,
				4944D79F24AD6A1B00AD3955 /* UserData.swift */,
				497ACC5224A91738002333A6 /* Hexagons.swift */,
				497ACC4E24A90905002333A6 /* ProfileTypeHexagon.swift */,
				49C205A02497DBC80022EE53 /* Pencil.swift */,
				491ADB7424971B2500B62C5A /* SceneDelegate.swift */,
				491ADB7624971B2500B62C5A /* ViewController.swift */,
				49C205A22497DCBC0022EE53 /* followersCell.swift */,
				4996227D24C761E70017AEB4 /* BioTableViewCell.swift */,
				491ADB7824971B2500B62C5A /* Main.storyboard */,
				4979D67D24D89B68008A17A8 /* NewPostOptionsVC.swift */,
				4920A45724D32B9300F06551 /* uploadFromCameraRollVC.swift */,
				492E245F24B664D7005745D1 /* SearchUsersVC.swift */,
				492E245D24B664C2005745D1 /* SubscribersCell.swift */,
				497ACC5024A90C0F002333A6 /* HexagonClass.swift */,
				4944D79B24ABD2E700AD3955 /* AddSocialMediaVC.swift */,
				4944D79D24ABE2FA00AD3955 /* PersonalInformationVCViewController.swift */,
				497ACC5A24A935D3002333A6 /* SignUpPopUpView.swift */,
				497ACC5C24A93651002333A6 /* DummyVCForPopUp.swift */,
				4944D79524A9C90200AD3955 /* RatingViewController.swift */,
				4944D79324A9C8EF00AD3955 /* RatingViewController.xib */,
				49A3743D24A3E4D4007A48E0 /* HexagonGrid2.swift */,
				49B3FA9624A3F2E2004578CA /* HexagonGrid3.swift */,
				49755DC224BC1B0F000E75FC /* DraggableHexagonGrid.swift */,
				4920A45524D30F4400F06551 /* HomeHexagonGrid.swift */,
				49755DC024B8FE83000E75FC /* AlgorithmHexagonGrid.swift */,
				496122A024A43EB70057579F /* UserProfile.swift */,
				49B3FA9824A4059B004578CA /* HexagonGrid4.swift */,
				4959E04A24A3105200264DB7 /* VideoViewController.swift */,
				4959E04C24A3111E00264DB7 /* YoutubeTableViewController.swift */,
				4959E04E24A3116400264DB7 /* YoutubeTableViewCell.swift */,
				49C205D6249833E80022EE53 /* CreativeToolBar.swift */,
				491ADBB4249729A400B62C5A /* DiscoverVC.swift */,
				491ADBAC249720A000B62C5A /* DrawingSettingsVC.swift */,
				491ADBA824971FE400B62C5A /* HomeVC.swift */,
				49C2059E2497DB4D0022EE53 /* DrawingBoardVC.swift */,
				49C205D82499A0770022EE53 /* DrawingBoardVC2.swift */,
				4907D153249FB00600B66093 /* DrawingBoard3.swift */,
				491ADBAA2497203B00B62C5A /* SearchVC.swift */,
				4996227B24C754190017AEB4 /* BioSearchVC.swift */,
				491ADBAE2497237000B62C5A /* SettingsVC.swift */,
				49C205D424981AC80022EE53 /* segue1.swift */,
				4959E04824A3052F00264DB7 /* SpotifyiOS.framework */,
				491ADBB22497294000B62C5A /* Navigator.swift */,
				491ADBB0249723FC00B62C5A /* PublicityTableVC.swift */,
				49C205CE249804790022EE53 /* PrivacyCell.swift */,
				491ADB7B24971B2D00B62C5A /* Assets.xcassets */,
				49A3743B24A3CD38007A48E0 /* HexagonView.swift */,
				491ADB7D24971B2D00B62C5A /* LaunchScreen.storyboard */,
				491ADB8024971B2D00B62C5A /* Info.plist */,
				499408E424C0E70200912576 /* GoogleService-Info.plist */,
			);
			path = Bio;
			sourceTree = "<group>";
		};
		491ADB8824971B2D00B62C5A /* BioTests */ = {
			isa = PBXGroup;
			children = (
				491ADB8924971B2D00B62C5A /* BioTests.swift */,
				491ADB8B24971B2D00B62C5A /* Info.plist */,
			);
			path = BioTests;
			sourceTree = "<group>";
		};
		491ADB9324971B2D00B62C5A /* BioUITests */ = {
			isa = PBXGroup;
			children = (
				491ADB9424971B2D00B62C5A /* BioUITests.swift */,
				491ADB9624971B2D00B62C5A /* Info.plist */,
			);
			path = BioUITests;
			sourceTree = "<group>";
		};
		491ADBB62497D51700B62C5A /* Frameworks */ = {
			isa = PBXGroup;
			children = (
				491ADBC92497D58800B62C5A /* SystemConfiguration.framework */,
				491ADBC52497D57C00B62C5A /* Security.framework */,
				491ADBC32497D57500B62C5A /* QuartzCore.framework */,
				491ADBC12497D57000B62C5A /* CoreLocation.framework */,
				491ADBBF2497D56B00B62C5A /* CoreGraphics.framework */,
				491ADBBD2497D56500B62C5A /* CFNetwork.framework */,
				491ADBBB2497D53800B62C5A /* AudioToolbox.framework */,
				491ADBB92497D52A00B62C5A /* libz.tbd */,
				491ADBB72497D51800B62C5A /* libsqlite3.tbd */,
				863D25901B2498D1508F481F /* Pods_Bio.framework */,
			);
			name = Frameworks;
			sourceTree = "<group>";
		};
/* End PBXGroup section */

/* Begin PBXNativeTarget section */
		491ADB6E24971B2500B62C5A /* Bio */ = {
			isa = PBXNativeTarget;
			buildConfigurationList = 491ADB9924971B2D00B62C5A /* Build configuration list for PBXNativeTarget "Bio" */;
			buildPhases = (
				9C35B45D7321CD3F8F04600F /* [CP] Check Pods Manifest.lock */,
				491ADB6B24971B2500B62C5A /* Sources */,
				491ADB6C24971B2500B62C5A /* Frameworks */,
				491ADB6D24971B2500B62C5A /* Resources */,
				497ACC6424A961EC002333A6 /* Embed Frameworks */,
				9299D81CD8918B5F9E92F199 /* [CP] Embed Pods Frameworks */,
			);
			buildRules = (
			);
			dependencies = (
			);
			name = Bio;
			productName = Bio;
			productReference = 491ADB6F24971B2500B62C5A /* Bio.app */;
			productType = "com.apple.product-type.application";
		};
		491ADB8424971B2D00B62C5A /* BioTests */ = {
			isa = PBXNativeTarget;
			buildConfigurationList = 491ADB9C24971B2D00B62C5A /* Build configuration list for PBXNativeTarget "BioTests" */;
			buildPhases = (
				491ADB8124971B2D00B62C5A /* Sources */,
				491ADB8224971B2D00B62C5A /* Frameworks */,
				491ADB8324971B2D00B62C5A /* Resources */,
			);
			buildRules = (
			);
			dependencies = (
				491ADB8724971B2D00B62C5A /* PBXTargetDependency */,
			);
			name = BioTests;
			productName = BioTests;
			productReference = 491ADB8524971B2D00B62C5A /* BioTests.xctest */;
			productType = "com.apple.product-type.bundle.unit-test";
		};
		491ADB8F24971B2D00B62C5A /* BioUITests */ = {
			isa = PBXNativeTarget;
			buildConfigurationList = 491ADB9F24971B2D00B62C5A /* Build configuration list for PBXNativeTarget "BioUITests" */;
			buildPhases = (
				491ADB8C24971B2D00B62C5A /* Sources */,
				491ADB8D24971B2D00B62C5A /* Frameworks */,
				491ADB8E24971B2D00B62C5A /* Resources */,
			);
			buildRules = (
			);
			dependencies = (
				491ADB9224971B2D00B62C5A /* PBXTargetDependency */,
			);
			name = BioUITests;
			productName = BioUITests;
			productReference = 491ADB9024971B2D00B62C5A /* BioUITests.xctest */;
			productType = "com.apple.product-type.bundle.ui-testing";
		};
/* End PBXNativeTarget section */

/* Begin PBXProject section */
		491ADB6724971B2500B62C5A /* Project object */ = {
			isa = PBXProject;
			attributes = {
				LastSwiftUpdateCheck = 1150;
				LastUpgradeCheck = 1150;
				ORGANIZATIONNAME = "Patrick McDonough";
				TargetAttributes = {
					491ADB6E24971B2500B62C5A = {
						CreatedOnToolsVersion = 11.5;
					};
					491ADB8424971B2D00B62C5A = {
						CreatedOnToolsVersion = 11.5;
						TestTargetID = 491ADB6E24971B2500B62C5A;
					};
					491ADB8F24971B2D00B62C5A = {
						CreatedOnToolsVersion = 11.5;
						TestTargetID = 491ADB6E24971B2500B62C5A;
					};
				};
			};
			buildConfigurationList = 491ADB6A24971B2500B62C5A /* Build configuration list for PBXProject "Bio" */;
			compatibilityVersion = "Xcode 9.3";
			developmentRegion = en;
			hasScannedForEncodings = 0;
			knownRegions = (
				en,
				Base,
			);
			mainGroup = 491ADB6624971B2500B62C5A;
			productRefGroup = 491ADB7024971B2500B62C5A /* Products */;
			projectDirPath = "";
			projectRoot = "";
			targets = (
				491ADB6E24971B2500B62C5A /* Bio */,
				491ADB8424971B2D00B62C5A /* BioTests */,
				491ADB8F24971B2D00B62C5A /* BioUITests */,
			);
		};
/* End PBXProject section */

/* Begin PBXResourcesBuildPhase section */
		491ADB6D24971B2500B62C5A /* Resources */ = {
			isa = PBXResourcesBuildPhase;
			buildActionMask = 2147483647;
			files = (
				49C205B72497DD570022EE53 /* Create A Post Items in Resources */,
				4944D79424A9C8F000AD3955 /* RatingViewController.xib in Resources */,
				49C205B62497DD570022EE53 /* Navigation Items in Resources */,
				491ADB7F24971B2D00B62C5A /* LaunchScreen.storyboard in Resources */,
				49C205B12497DD570022EE53 /* Search in Resources */,
				491ADB7C24971B2D00B62C5A /* Assets.xcassets in Resources */,
				491ADB7A24971B2500B62C5A /* Main.storyboard in Resources */,
				499408E524C0E70200912576 /* GoogleService-Info.plist in Resources */,
				49C205B42497DD570022EE53 /* User Profile Items in Resources */,
				49C205B02497DD570022EE53 /* Sign in sign up in Resources */,
			);
			runOnlyForDeploymentPostprocessing = 0;
		};
		491ADB8324971B2D00B62C5A /* Resources */ = {
			isa = PBXResourcesBuildPhase;
			buildActionMask = 2147483647;
			files = (
			);
			runOnlyForDeploymentPostprocessing = 0;
		};
		491ADB8E24971B2D00B62C5A /* Resources */ = {
			isa = PBXResourcesBuildPhase;
			buildActionMask = 2147483647;
			files = (
			);
			runOnlyForDeploymentPostprocessing = 0;
		};
/* End PBXResourcesBuildPhase section */

/* Begin PBXShellScriptBuildPhase section */
		9299D81CD8918B5F9E92F199 /* [CP] Embed Pods Frameworks */ = {
			isa = PBXShellScriptBuildPhase;
			buildActionMask = 2147483647;
			files = (
			);
			inputFileListPaths = (
				"${PODS_ROOT}/Target Support Files/Pods-Bio/Pods-Bio-frameworks-${CONFIGURATION}-input-files.xcfilelist",
			);
			name = "[CP] Embed Pods Frameworks";
			outputFileListPaths = (
				"${PODS_ROOT}/Target Support Files/Pods-Bio/Pods-Bio-frameworks-${CONFIGURATION}-output-files.xcfilelist",
			);
			runOnlyForDeploymentPostprocessing = 0;
			shellPath = /bin/sh;
			shellScript = "\"${PODS_ROOT}/Target Support Files/Pods-Bio/Pods-Bio-frameworks.sh\"\n";
			showEnvVarsInLog = 0;
		};
		9C35B45D7321CD3F8F04600F /* [CP] Check Pods Manifest.lock */ = {
			isa = PBXShellScriptBuildPhase;
			buildActionMask = 2147483647;
			files = (
			);
			inputFileListPaths = (
			);
			inputPaths = (
				"${PODS_PODFILE_DIR_PATH}/Podfile.lock",
				"${PODS_ROOT}/Manifest.lock",
			);
			name = "[CP] Check Pods Manifest.lock";
			outputFileListPaths = (
			);
			outputPaths = (
				"$(DERIVED_FILE_DIR)/Pods-Bio-checkManifestLockResult.txt",
			);
			runOnlyForDeploymentPostprocessing = 0;
			shellPath = /bin/sh;
			shellScript = "diff \"${PODS_PODFILE_DIR_PATH}/Podfile.lock\" \"${PODS_ROOT}/Manifest.lock\" > /dev/null\nif [ $? != 0 ] ; then\n    # print error to STDERR\n    echo \"error: The sandbox is not in sync with the Podfile.lock. Run 'pod install' or update your CocoaPods installation.\" >&2\n    exit 1\nfi\n# This output is used by Xcode 'outputs' to avoid re-running this script phase.\necho \"SUCCESS\" > \"${SCRIPT_OUTPUT_FILE_0}\"\n";
			showEnvVarsInLog = 0;
		};
/* End PBXShellScriptBuildPhase section */

/* Begin PBXSourcesBuildPhase section */
		491ADB6B24971B2500B62C5A /* Sources */ = {
			isa = PBXSourcesBuildPhase;
			buildActionMask = 2147483647;
			files = (
				491ADBAB2497203B00B62C5A /* SearchVC.swift in Sources */,
				491ADBAD249720A000B62C5A /* DrawingSettingsVC.swift in Sources */,
				49B3FA9724A3F2E2004578CA /* HexagonGrid3.swift in Sources */,
				49B3FA9924A4059B004578CA /* HexagonGrid4.swift in Sources */,
				49C205DB2499AF730022EE53 /* MusicPlayerVC.swift in Sources */,
				491ADB7724971B2500B62C5A /* ViewController.swift in Sources */,
				49C205D92499A0770022EE53 /* DrawingBoardVC2.swift in Sources */,
				4944D79A24ABBEF900AD3955 /* GoodBioSignUpVC.swift in Sources */,
				491ADBA924971FE400B62C5A /* HomeVC.swift in Sources */,
				493B739C24B7754E004754BC /* ProfilesHexagonGrid1.swift in Sources */,
				4944D79624A9C90200AD3955 /* RatingViewController.swift in Sources */,
				49C205D7249833E80022EE53 /* CreativeToolBar.swift in Sources */,
				491ADB7324971B2500B62C5A /* AppDelegate.swift in Sources */,
				492E245E24B664C2005745D1 /* SubscribersCell.swift in Sources */,
				4996227E24C761E70017AEB4 /* BioTableViewCell.swift in Sources */,
				4944D79E24ABE2FB00AD3955 /* PersonalInformationVCViewController.swift in Sources */,
				496122A124A43EB80057579F /* UserProfile.swift in Sources */,
				49EEDC6E24C0AA1D003C8378 /* PhoneSignInVC.swift in Sources */,
				497ACC4D24A90496002333A6 /* HexagonStructData.swift in Sources */,
				4920A45624D30F4400F06551 /* HomeHexagonGrid.swift in Sources */,
				49C205A52497DCFA0022EE53 /* guestVC.swift in Sources */,
				491ADBB32497294000B62C5A /* Navigator.swift in Sources */,
				49C205CB2497DE260022EE53 /* newsCell.swift in Sources */,
				4996227C24C754190017AEB4 /* BioSearchVC.swift in Sources */,
				49755DC124B8FE83000E75FC /* AlgorithmHexagonGrid.swift in Sources */,
				497ACC5D24A93651002333A6 /* DummyVCForPopUp.swift in Sources */,
				497ACC5124A90C0F002333A6 /* HexagonClass.swift in Sources */,
				491BC46324C7882F00C751B6 /* BioProfileHexagonGrid2.swift in Sources */,
				492E246024B664D7005745D1 /* SearchUsersVC.swift in Sources */,
				491ADBB1249723FC00B62C5A /* PublicityTableVC.swift in Sources */,
				4944D7A024AD6A1B00AD3955 /* UserData.swift in Sources */,
				49C205CD2497EE570022EE53 /* tabbarVC.swift in Sources */,
				497ACC5324A91738002333A6 /* Hexagons.swift in Sources */,
				49A3743C24A3CD38007A48E0 /* HexagonView.swift in Sources */,
				4959E04B24A3105300264DB7 /* VideoViewController.swift in Sources */,
				4920A45824D32B9300F06551 /* uploadFromCameraRollVC.swift in Sources */,
				49C205A12497DBC80022EE53 /* Pencil.swift in Sources */,
				49C205BB2497DDBD0022EE53 /* pictureCell.swift in Sources */,
				49C205D524981AC80022EE53 /* segue1.swift in Sources */,
				4907D154249FB00600B66093 /* DrawingBoard3.swift in Sources */,
				491ADB7524971B2500B62C5A /* SceneDelegate.swift in Sources */,
				49755DC324BC1B0F000E75FC /* DraggableHexagonGrid.swift in Sources */,
				497ACC4F24A90905002333A6 /* ProfileTypeHexagon.swift in Sources */,
				492E245A24B65D4B005745D1 /* CalltoUserBackend.swift in Sources */,
				4959E04F24A3116400264DB7 /* YoutubeTableViewCell.swift in Sources */,
				497ACC5B24A935D3002333A6 /* SignUpPopUpView.swift in Sources */,
				4979D67E24D89B68008A17A8 /* NewPostOptionsVC.swift in Sources */,
				49C205A32497DCBC0022EE53 /* followersCell.swift in Sources */,
				4944D79C24ABD2E700AD3955 /* AddSocialMediaVC.swift in Sources */,
				49A3743E24A3E4D4007A48E0 /* HexagonGrid2.swift in Sources */,
				491ADBB5249729A400B62C5A /* DiscoverVC.swift in Sources */,
				4959E04D24A3111E00264DB7 /* YoutubeTableViewController.swift in Sources */,
				49C2059F2497DB4D0022EE53 /* DrawingBoardVC.swift in Sources */,
				49C205BD2497DDCE0022EE53 /* followersVC.swift in Sources */,
				49C205CF249804790022EE53 /* PrivacyCell.swift in Sources */,
				491ADBAF2497237000B62C5A /* SettingsVC.swift in Sources */,
			);
			runOnlyForDeploymentPostprocessing = 0;
		};
		491ADB8124971B2D00B62C5A /* Sources */ = {
			isa = PBXSourcesBuildPhase;
			buildActionMask = 2147483647;
			files = (
				491ADB8A24971B2D00B62C5A /* BioTests.swift in Sources */,
			);
			runOnlyForDeploymentPostprocessing = 0;
		};
		491ADB8C24971B2D00B62C5A /* Sources */ = {
			isa = PBXSourcesBuildPhase;
			buildActionMask = 2147483647;
			files = (
				491ADB9524971B2D00B62C5A /* BioUITests.swift in Sources */,
			);
			runOnlyForDeploymentPostprocessing = 0;
		};
/* End PBXSourcesBuildPhase section */

/* Begin PBXTargetDependency section */
		491ADB8724971B2D00B62C5A /* PBXTargetDependency */ = {
			isa = PBXTargetDependency;
			target = 491ADB6E24971B2500B62C5A /* Bio */;
			targetProxy = 491ADB8624971B2D00B62C5A /* PBXContainerItemProxy */;
		};
		491ADB9224971B2D00B62C5A /* PBXTargetDependency */ = {
			isa = PBXTargetDependency;
			target = 491ADB6E24971B2500B62C5A /* Bio */;
			targetProxy = 491ADB9124971B2D00B62C5A /* PBXContainerItemProxy */;
		};
/* End PBXTargetDependency section */

/* Begin PBXVariantGroup section */
		491ADB7824971B2500B62C5A /* Main.storyboard */ = {
			isa = PBXVariantGroup;
			children = (
				491ADB7924971B2500B62C5A /* Base */,
			);
			name = Main.storyboard;
			sourceTree = "<group>";
		};
		491ADB7D24971B2D00B62C5A /* LaunchScreen.storyboard */ = {
			isa = PBXVariantGroup;
			children = (
				491ADB7E24971B2D00B62C5A /* Base */,
			);
			name = LaunchScreen.storyboard;
			sourceTree = "<group>";
		};
/* End PBXVariantGroup section */

/* Begin XCBuildConfiguration section */
		491ADB9724971B2D00B62C5A /* Debug */ = {
			isa = XCBuildConfiguration;
			buildSettings = {
				ALWAYS_SEARCH_USER_PATHS = NO;
				CLANG_ANALYZER_NONNULL = YES;
				CLANG_ANALYZER_NUMBER_OBJECT_CONVERSION = YES_AGGRESSIVE;
				CLANG_CXX_LANGUAGE_STANDARD = "gnu++14";
				CLANG_CXX_LIBRARY = "libc++";
				CLANG_ENABLE_MODULES = YES;
				CLANG_ENABLE_OBJC_ARC = YES;
				CLANG_ENABLE_OBJC_WEAK = YES;
				CLANG_WARN_BLOCK_CAPTURE_AUTORELEASING = YES;
				CLANG_WARN_BOOL_CONVERSION = YES;
				CLANG_WARN_COMMA = YES;
				CLANG_WARN_CONSTANT_CONVERSION = YES;
				CLANG_WARN_DEPRECATED_OBJC_IMPLEMENTATIONS = YES;
				CLANG_WARN_DIRECT_OBJC_ISA_USAGE = YES_ERROR;
				CLANG_WARN_DOCUMENTATION_COMMENTS = YES;
				CLANG_WARN_EMPTY_BODY = YES;
				CLANG_WARN_ENUM_CONVERSION = YES;
				CLANG_WARN_INFINITE_RECURSION = YES;
				CLANG_WARN_INT_CONVERSION = YES;
				CLANG_WARN_NON_LITERAL_NULL_CONVERSION = YES;
				CLANG_WARN_OBJC_IMPLICIT_RETAIN_SELF = YES;
				CLANG_WARN_OBJC_LITERAL_CONVERSION = YES;
				CLANG_WARN_OBJC_ROOT_CLASS = YES_ERROR;
				CLANG_WARN_RANGE_LOOP_ANALYSIS = YES;
				CLANG_WARN_STRICT_PROTOTYPES = YES;
				CLANG_WARN_SUSPICIOUS_MOVE = YES;
				CLANG_WARN_UNGUARDED_AVAILABILITY = YES_AGGRESSIVE;
				CLANG_WARN_UNREACHABLE_CODE = YES;
				CLANG_WARN__DUPLICATE_METHOD_MATCH = YES;
				COPY_PHASE_STRIP = NO;
				DEBUG_INFORMATION_FORMAT = dwarf;
				ENABLE_STRICT_OBJC_MSGSEND = YES;
				ENABLE_TESTABILITY = YES;
				GCC_C_LANGUAGE_STANDARD = gnu11;
				GCC_DYNAMIC_NO_PIC = NO;
				GCC_NO_COMMON_BLOCKS = YES;
				GCC_OPTIMIZATION_LEVEL = 0;
				GCC_PREPROCESSOR_DEFINITIONS = (
					"DEBUG=1",
					"$(inherited)",
				);
				GCC_WARN_64_TO_32_BIT_CONVERSION = YES;
				GCC_WARN_ABOUT_RETURN_TYPE = YES_ERROR;
				GCC_WARN_UNDECLARED_SELECTOR = YES;
				GCC_WARN_UNINITIALIZED_AUTOS = YES_AGGRESSIVE;
				GCC_WARN_UNUSED_FUNCTION = YES;
				GCC_WARN_UNUSED_VARIABLE = YES;
				IPHONEOS_DEPLOYMENT_TARGET = 13.5;
				MTL_ENABLE_DEBUG_INFO = INCLUDE_SOURCE;
				MTL_FAST_MATH = YES;
				ONLY_ACTIVE_ARCH = YES;
				SDKROOT = iphoneos;
				SWIFT_ACTIVE_COMPILATION_CONDITIONS = DEBUG;
				SWIFT_OPTIMIZATION_LEVEL = "-Onone";
			};
			name = Debug;
		};
		491ADB9824971B2D00B62C5A /* Release */ = {
			isa = XCBuildConfiguration;
			buildSettings = {
				ALWAYS_SEARCH_USER_PATHS = NO;
				CLANG_ANALYZER_NONNULL = YES;
				CLANG_ANALYZER_NUMBER_OBJECT_CONVERSION = YES_AGGRESSIVE;
				CLANG_CXX_LANGUAGE_STANDARD = "gnu++14";
				CLANG_CXX_LIBRARY = "libc++";
				CLANG_ENABLE_MODULES = YES;
				CLANG_ENABLE_OBJC_ARC = YES;
				CLANG_ENABLE_OBJC_WEAK = YES;
				CLANG_WARN_BLOCK_CAPTURE_AUTORELEASING = YES;
				CLANG_WARN_BOOL_CONVERSION = YES;
				CLANG_WARN_COMMA = YES;
				CLANG_WARN_CONSTANT_CONVERSION = YES;
				CLANG_WARN_DEPRECATED_OBJC_IMPLEMENTATIONS = YES;
				CLANG_WARN_DIRECT_OBJC_ISA_USAGE = YES_ERROR;
				CLANG_WARN_DOCUMENTATION_COMMENTS = YES;
				CLANG_WARN_EMPTY_BODY = YES;
				CLANG_WARN_ENUM_CONVERSION = YES;
				CLANG_WARN_INFINITE_RECURSION = YES;
				CLANG_WARN_INT_CONVERSION = YES;
				CLANG_WARN_NON_LITERAL_NULL_CONVERSION = YES;
				CLANG_WARN_OBJC_IMPLICIT_RETAIN_SELF = YES;
				CLANG_WARN_OBJC_LITERAL_CONVERSION = YES;
				CLANG_WARN_OBJC_ROOT_CLASS = YES_ERROR;
				CLANG_WARN_RANGE_LOOP_ANALYSIS = YES;
				CLANG_WARN_STRICT_PROTOTYPES = YES;
				CLANG_WARN_SUSPICIOUS_MOVE = YES;
				CLANG_WARN_UNGUARDED_AVAILABILITY = YES_AGGRESSIVE;
				CLANG_WARN_UNREACHABLE_CODE = YES;
				CLANG_WARN__DUPLICATE_METHOD_MATCH = YES;
				COPY_PHASE_STRIP = NO;
				DEBUG_INFORMATION_FORMAT = "dwarf-with-dsym";
				ENABLE_NS_ASSERTIONS = NO;
				ENABLE_STRICT_OBJC_MSGSEND = YES;
				GCC_C_LANGUAGE_STANDARD = gnu11;
				GCC_NO_COMMON_BLOCKS = YES;
				GCC_WARN_64_TO_32_BIT_CONVERSION = YES;
				GCC_WARN_ABOUT_RETURN_TYPE = YES_ERROR;
				GCC_WARN_UNDECLARED_SELECTOR = YES;
				GCC_WARN_UNINITIALIZED_AUTOS = YES_AGGRESSIVE;
				GCC_WARN_UNUSED_FUNCTION = YES;
				GCC_WARN_UNUSED_VARIABLE = YES;
				IPHONEOS_DEPLOYMENT_TARGET = 13.5;
				MTL_ENABLE_DEBUG_INFO = NO;
				MTL_FAST_MATH = YES;
				SDKROOT = iphoneos;
				SWIFT_COMPILATION_MODE = wholemodule;
				SWIFT_OPTIMIZATION_LEVEL = "-O";
				VALIDATE_PRODUCT = YES;
			};
			name = Release;
		};
		491ADB9A24971B2D00B62C5A /* Debug */ = {
			isa = XCBuildConfiguration;
			baseConfigurationReference = 1407FC84B7D3C1C7BF080385 /* Pods-Bio.debug.xcconfig */;
			buildSettings = {
				ASSETCATALOG_COMPILER_APPICON_NAME = AppIcon;
				CODE_SIGN_STYLE = Automatic;
				DEVELOPMENT_TEAM = BNGXY8T8NL;
				FRAMEWORK_SEARCH_PATHS = (
					"$(inherited)",
					"$(PROJECT_DIR)/Bio",
				);
				INFOPLIST_FILE = Bio/Info.plist;
				IPHONEOS_DEPLOYMENT_TARGET = 13.4;
				LD_RUNPATH_SEARCH_PATHS = (
					"$(inherited)",
					"@executable_path/Frameworks",
				);
				"LD_RUNPATH_SEARCH_PATHS[arch=*]" = (
					"$(inherited)",
					"@executable_path/Frameworks",
				);
				PRODUCT_BUNDLE_IDENTIFIER = com.PatrickMcDonough.Bio;
				PRODUCT_NAME = "$(TARGET_NAME)";
				SWIFT_VERSION = 5.0;
				TARGETED_DEVICE_FAMILY = "1,2";
			};
			name = Debug;
		};
		491ADB9B24971B2D00B62C5A /* Release */ = {
			isa = XCBuildConfiguration;
			baseConfigurationReference = 6A3D10DE50F0AEB6F29494BF /* Pods-Bio.release.xcconfig */;
			buildSettings = {
				ASSETCATALOG_COMPILER_APPICON_NAME = AppIcon;
				CODE_SIGN_STYLE = Automatic;
				DEVELOPMENT_TEAM = BNGXY8T8NL;
				FRAMEWORK_SEARCH_PATHS = (
					"$(inherited)",
					"$(PROJECT_DIR)/Bio",
				);
				INFOPLIST_FILE = Bio/Info.plist;
				IPHONEOS_DEPLOYMENT_TARGET = 13.4;
				LD_RUNPATH_SEARCH_PATHS = (
					"$(inherited)",
					"@executable_path/Frameworks",
				);
				"LD_RUNPATH_SEARCH_PATHS[arch=*]" = (
					"$(inherited)",
					"@executable_path/Frameworks",
				);
				PRODUCT_BUNDLE_IDENTIFIER = com.PatrickMcDonough.Bio;
				PRODUCT_NAME = "$(TARGET_NAME)";
				SWIFT_VERSION = 5.0;
				TARGETED_DEVICE_FAMILY = "1,2";
			};
			name = Release;
		};
		491ADB9D24971B2D00B62C5A /* Debug */ = {
			isa = XCBuildConfiguration;
			buildSettings = {
				ALWAYS_EMBED_SWIFT_STANDARD_LIBRARIES = YES;
				BUNDLE_LOADER = "$(TEST_HOST)";
				CODE_SIGN_STYLE = Automatic;
				DEVELOPMENT_TEAM = BNGXY8T8NL;
				INFOPLIST_FILE = BioTests/Info.plist;
				IPHONEOS_DEPLOYMENT_TARGET = 13.5;
				LD_RUNPATH_SEARCH_PATHS = (
					"$(inherited)",
					"@executable_path/Frameworks",
					"@loader_path/Frameworks",
				);
				PRODUCT_BUNDLE_IDENTIFIER = com.PatrickMcDonough.BioTests;
				PRODUCT_NAME = "$(TARGET_NAME)";
				SWIFT_VERSION = 5.0;
				TARGETED_DEVICE_FAMILY = "1,2";
				TEST_HOST = "$(BUILT_PRODUCTS_DIR)/Bio.app/Bio";
			};
			name = Debug;
		};
		491ADB9E24971B2D00B62C5A /* Release */ = {
			isa = XCBuildConfiguration;
			buildSettings = {
				ALWAYS_EMBED_SWIFT_STANDARD_LIBRARIES = YES;
				BUNDLE_LOADER = "$(TEST_HOST)";
				CODE_SIGN_STYLE = Automatic;
				DEVELOPMENT_TEAM = BNGXY8T8NL;
				INFOPLIST_FILE = BioTests/Info.plist;
				IPHONEOS_DEPLOYMENT_TARGET = 13.5;
				LD_RUNPATH_SEARCH_PATHS = (
					"$(inherited)",
					"@executable_path/Frameworks",
					"@loader_path/Frameworks",
				);
				PRODUCT_BUNDLE_IDENTIFIER = com.PatrickMcDonough.BioTests;
				PRODUCT_NAME = "$(TARGET_NAME)";
				SWIFT_VERSION = 5.0;
				TARGETED_DEVICE_FAMILY = "1,2";
				TEST_HOST = "$(BUILT_PRODUCTS_DIR)/Bio.app/Bio";
			};
			name = Release;
		};
		491ADBA024971B2D00B62C5A /* Debug */ = {
			isa = XCBuildConfiguration;
			buildSettings = {
				ALWAYS_EMBED_SWIFT_STANDARD_LIBRARIES = YES;
				CODE_SIGN_STYLE = Automatic;
				DEVELOPMENT_TEAM = BNGXY8T8NL;
				INFOPLIST_FILE = BioUITests/Info.plist;
				LD_RUNPATH_SEARCH_PATHS = (
					"$(inherited)",
					"@executable_path/Frameworks",
					"@loader_path/Frameworks",
				);
				PRODUCT_BUNDLE_IDENTIFIER = com.PatrickMcDonough.BioUITests;
				PRODUCT_NAME = "$(TARGET_NAME)";
				SWIFT_VERSION = 5.0;
				TARGETED_DEVICE_FAMILY = "1,2";
				TEST_TARGET_NAME = Bio;
			};
			name = Debug;
		};
		491ADBA124971B2D00B62C5A /* Release */ = {
			isa = XCBuildConfiguration;
			buildSettings = {
				ALWAYS_EMBED_SWIFT_STANDARD_LIBRARIES = YES;
				CODE_SIGN_STYLE = Automatic;
				DEVELOPMENT_TEAM = BNGXY8T8NL;
				INFOPLIST_FILE = BioUITests/Info.plist;
				LD_RUNPATH_SEARCH_PATHS = (
					"$(inherited)",
					"@executable_path/Frameworks",
					"@loader_path/Frameworks",
				);
				PRODUCT_BUNDLE_IDENTIFIER = com.PatrickMcDonough.BioUITests;
				PRODUCT_NAME = "$(TARGET_NAME)";
				SWIFT_VERSION = 5.0;
				TARGETED_DEVICE_FAMILY = "1,2";
				TEST_TARGET_NAME = Bio;
			};
			name = Release;
		};
/* End XCBuildConfiguration section */

/* Begin XCConfigurationList section */
		491ADB6A24971B2500B62C5A /* Build configuration list for PBXProject "Bio" */ = {
			isa = XCConfigurationList;
			buildConfigurations = (
				491ADB9724971B2D00B62C5A /* Debug */,
				491ADB9824971B2D00B62C5A /* Release */,
			);
			defaultConfigurationIsVisible = 0;
			defaultConfigurationName = Release;
		};
		491ADB9924971B2D00B62C5A /* Build configuration list for PBXNativeTarget "Bio" */ = {
			isa = XCConfigurationList;
			buildConfigurations = (
				491ADB9A24971B2D00B62C5A /* Debug */,
				491ADB9B24971B2D00B62C5A /* Release */,
			);
			defaultConfigurationIsVisible = 0;
			defaultConfigurationName = Release;
		};
		491ADB9C24971B2D00B62C5A /* Build configuration list for PBXNativeTarget "BioTests" */ = {
			isa = XCConfigurationList;
			buildConfigurations = (
				491ADB9D24971B2D00B62C5A /* Debug */,
				491ADB9E24971B2D00B62C5A /* Release */,
			);
			defaultConfigurationIsVisible = 0;
			defaultConfigurationName = Release;
		};
		491ADB9F24971B2D00B62C5A /* Build configuration list for PBXNativeTarget "BioUITests" */ = {
			isa = XCConfigurationList;
			buildConfigurations = (
				491ADBA024971B2D00B62C5A /* Debug */,
				491ADBA124971B2D00B62C5A /* Release */,
			);
			defaultConfigurationIsVisible = 0;
			defaultConfigurationName = Release;
		};
/* End XCConfigurationList section */
	};
	rootObject = 491ADB6724971B2500B62C5A /* Project object */;
}
